
Microsoft Visual Studio Solution File, Format Version 12.00
# Visual Studio Version 17
VisualStudioVersion = 17.6.33723.286
MinimumVisualStudioVersion = 10.0.40219.1
Project("{9A19103F-16F7-4668-BE54-9A1E7A4F7556}") = "DepartmentService", "DepartmentService\DepartmentService.csproj", "{8A17EF00-2D5C-4A93-8BBA-9A51A0133573}"
EndProject
Global
	GlobalSection(SolutionConfigurationPlatforms) = preSolution
		Debug|Any CPU = Debug|Any CPU
		Release|Any CPU = Release|Any CPU
	EndGlobalSection
	GlobalSection(ProjectConfigurationPlatforms) = postSolution
		{8A17EF00-2D5C-4A93-8BBA-9A51A0133573}.Debug|Any CPU.ActiveCfg = Debug|Any CPU
		{8A17EF00-2D5C-4A93-8BBA-9A51A0133573}.Debug|Any CPU.Build.0 = Debug|Any CPU
		{8A17EF00-2D5C-4A93-8BBA-9A51A0133573}.Release|Any CPU.ActiveCfg = Release|Any CPU
		{8A17EF00-2D5C-4A93-8BBA-9A51A0133573}.Release|Any CPU.Build.0 = Release|Any CPU
	EndGlobalSection
	GlobalSection(SolutionProperties) = preSolution
		HideSolutionNode = FALSE
	EndGlobalSection
	GlobalSection(ExtensibilityGlobals) = postSolution
		SolutionGuid = {4432ABF9-26F5-4AFE-8E76-5B95F781F637}
	EndGlobalSection
EndGlobal
